
Microsoft Visual Studio Solution File, Format Version 12.00
# Visual Studio Version 16
VisualStudioVersion = 16.0.29920.165
MinimumVisualStudioVersion = 10.0.40219.1
Project("{2150E333-8FDC-42A3-9474-1A3956D46DE8}") = "HDeLeon", "HDeLeon", "{6A5EE6F2-40EF-47EA-95BE-AA1EBE9749EA}"
EndProject
Project("{9A19103F-16F7-4668-BE54-9A1E7A4F7556}") = "HdLeonRedis", "HdLeonRedis\HdLeonRedis.csproj", "{E4DDE03D-0FC5-48B4-A0CF-E9E7DAC65E30}"
EndProject
Project("{2150E333-8FDC-42A3-9474-1A3956D46DE8}") = "Sample01", "Sample01", "{F4A3606E-65B7-4443-982F-8C56B81DC7F5}"
EndProject
Project("{2150E333-8FDC-42A3-9474-1A3956D46DE8}") = "AzureRedisSample", "AzureRedisSample", "{8A10693D-0D4D-4FF5-A100-0BEE9EBD4860}"
EndProject
Project("{FAE04EC0-301F-11D3-BF4B-00C04F79EFBC}") = "AzureRedisDemo", "AzureRedisDemo\AzureRedisDemo.csproj", "{51D3D3E8-2CCB-46BE-BB68-7DAF7F1BA9FA}"
EndProject
Global
	GlobalSection(SolutionConfigurationPlatforms) = preSolution
		Debug|Any CPU = Debug|Any CPU
		Release|Any CPU = Release|Any CPU
	EndGlobalSection
	GlobalSection(ProjectConfigurationPlatforms) = postSolution
		{E4DDE03D-0FC5-48B4-A0CF-E9E7DAC65E30}.Debug|Any CPU.ActiveCfg = Debug|Any CPU
		{E4DDE03D-0FC5-48B4-A0CF-E9E7DAC65E30}.Debug|Any CPU.Build.0 = Debug|Any CPU
		{E4DDE03D-0FC5-48B4-A0CF-E9E7DAC65E30}.Release|Any CPU.ActiveCfg = Release|Any CPU
		{E4DDE03D-0FC5-48B4-A0CF-E9E7DAC65E30}.Release|Any CPU.Build.0 = Release|Any CPU
		{51D3D3E8-2CCB-46BE-BB68-7DAF7F1BA9FA}.Debug|Any CPU.ActiveCfg = Debug|Any CPU
		{51D3D3E8-2CCB-46BE-BB68-7DAF7F1BA9FA}.Debug|Any CPU.Build.0 = Debug|Any CPU
		{51D3D3E8-2CCB-46BE-BB68-7DAF7F1BA9FA}.Release|Any CPU.ActiveCfg = Release|Any CPU
		{51D3D3E8-2CCB-46BE-BB68-7DAF7F1BA9FA}.Release|Any CPU.Build.0 = Release|Any CPU
	EndGlobalSection
	GlobalSection(SolutionProperties) = preSolution
		HideSolutionNode = FALSE
	EndGlobalSection
	GlobalSection(NestedProjects) = preSolution
		{E4DDE03D-0FC5-48B4-A0CF-E9E7DAC65E30} = {6A5EE6F2-40EF-47EA-95BE-AA1EBE9749EA}
		{51D3D3E8-2CCB-46BE-BB68-7DAF7F1BA9FA} = {8A10693D-0D4D-4FF5-A100-0BEE9EBD4860}
	EndGlobalSection
	GlobalSection(ExtensibilityGlobals) = postSolution
		SolutionGuid = {30A9432C-A2D8-4042-81C1-793DD155289F}
	EndGlobalSection
EndGlobal
